{
  "name": ".opencode",
  "lockfileVersion": 3,
  "requires": true,
  "packages": {
    "": {
      "dependencies": {
        "@opencode-ai/plugin": "1.2.22",
        "@opencode-cui/message-bridge": "file:../plugins/message-bridge",
        "@opencode-cui/pc-agent": "file:../src/main/pc-agent"
      }
    },
    "../plugins/message-bridge": {
      "name": "@opencode-cui/message-bridge",
      "version": "1.0.0",
      "license": "MIT",
      "dependencies": {
        "@opencode-ai/plugin": "^1.2.18",
        "@opencode-ai/sdk": "^1.2.15",
        "jsonc-parser": "^3.3.1"
      },
      "devDependencies": {
        "@types/node": "^22.10.2",
        "typescript": "^5.7.2"
      }
    },
    "../src/main/pc-agent": {
      "name": "@opencode-cui/pc-agent",
      "version": "1.0.0",
      "license": "MIT",
      "dependencies": {
        "@opencode-ai/sdk": "^1.2",
        "ws": "^8"
      },
      "devDependencies": {
        "@types/bun": "^1.3.10",
        "@types/node": "^20",
        "@types/ws": "^8",
        "typescript": "^5"
      }
    },
    "node_modules/@opencode-ai/plugin": {
      "version": "1.2.22",
      "resolved": "https://registry.npmjs.org/@opencode-ai/plugin/-/plugin-1.2.22.tgz",
      "integrity": "sha512-vKVHymAGspLDBuObiJNSoCAQR+l6aMx6n21mgwNBa0BY4n0uzdJcM1rAN/Ksv/t6rsswMcsNeH0yMmj9Iokf7Q==",
      "license": "MIT",
      "dependencies": {
        "@opencode-ai/sdk": "1.2.22",
        "zod": "4.1.8"
      }
    },
    "node_modules/@opencode-ai/sdk": {
      "version": "1.2.22",
      "resolved": "https://registry.npmjs.org/@opencode-ai/sdk/-/sdk-1.2.22.tgz",
      "integrity": "sha512-EXI1+Rc9dkzKo9uDj0EA4pLUCQJS2Qi8/xKwsT6RNZPBpSau05HVPWlZ+t8WyLW4fWymiho8jsXSErfKOpyCsw==",
      "license": "MIT"
    },
    "node_modules/@opencode-cui/message-bridge": {
      "resolved": "../plugins/message-bridge",
      "link": true
    },
    "node_modules/@opencode-cui/pc-agent": {
      "resolved": "../src/main/pc-agent",
      "link": true
    },
    "node_modules/zod": {
      "version": "4.1.8",
      "license": "MIT",
      "funding": {
        "url": "https://github.com/sponsors/colinhacks"
      }
    }
  }
}
